<?xml version="1.0" encoding="utf-8"?>
<Project ToolsVersion="4.0" xmlns="http://schemas.microsoft.com/developer/msbuild/2003">
  <ItemGroup>
    <Filter Include="源文件">
      <UniqueIdentifier>{4FC737F1-C7A5-4376-A066-2A32D752A2FF}</UniqueIdentifier>
      <Extensions>cpp;c;cc;cxx;c++;cppm;ixx;def;odl;idl;hpj;bat;asm;asmx</Extensions>
    </Filter>
    <Filter Include="头文件">
      <UniqueIdentifier>{93995380-89BD-4b04-88EB-625FBE52EBFB}</UniqueIdentifier>
      <Extensions>h;hh;hpp;hxx;h++;hm;inl;inc;ipp;xsd</Extensions>
    </Filter>
    <Filter Include="资源文件">
      <UniqueIdentifier>{67DA6AB6-F800-4c08-8B7A-83BB121AAD01}</UniqueIdentifier>
      <Extensions>rc;ico;cur;bmp;dlg;rc2;rct;bin;rgs;gif;jpg;jpeg;jpe;resx;tiff;tif;png;wav;mfcribbon-ms</Extensions>
    </Filter>
  </ItemGroup>
  <ItemGroup>
    <None Include="任务&amp;进度\大作业任务&amp;进度.md" />
    <None Include="任务&amp;进度\完成大作业过程中出现的bug.md" />
    <None Include="任务&amp;进度\一些说明.md" />
    <None Include="任务&amp;进度\使用git的工作流程.md" />
  </ItemGroup>
  <ItemGroup>
    <ClInclude Include="src\vm\ememory.h">
      <Filter>头文件</Filter>
    </ClInclude>
    <ClInclude Include="src\vm\eregister.h">
      <Filter>头文件</Filter>
    </ClInclude>
    <ClInclude Include="src\vm\estack.h">
      <Filter>头文件</Filter>
    </ClInclude>
    <ClInclude Include="src\vm\vm.h">
      <Filter>头文件</Filter>
    </ClInclude>
    <ClInclude Include="src\command\command.h">
      <Filter>头文件</Filter>
    </ClInclude>
    <ClInclude Include="src\io\inpututil.h">
      <Filter>头文件</Filter>
    </ClInclude>
    <ClInclude Include="src\testmain.h">
      <Filter>头文件</Filter>
    </ClInclude>
    <ClInclude Include="src\command\allcommands.h">
      <Filter>头文件</Filter>
    </ClInclude>
    <ClInclude Include="src\command\commands\load.h">
      <Filter>头文件</Filter>
    </ClInclude>
    <ClInclude Include="src\exception\exception.h">
      <Filter>头文件</Filter>
    </ClInclude>
    <ClInclude Include="src\command\commands\pop.h">
      <Filter>头文件</Filter>
    </ClInclude>
    <ClInclude Include="src\command\commands\store.h">
      <Filter>头文件</Filter>
    </ClInclude>
    <ClInclude Include="src\command\commands\mov.h">
      <Filter>头文件</Filter>
    </ClInclude>
    <ClInclude Include="src\command\commands\add.h">
      <Filter>头文件</Filter>
    </ClInclude>
    <ClInclude Include="src\command\commands\div.h">
      <Filter>头文件</Filter>
    </ClInclude>
    <ClInclude Include="src\command\commands\mul.h">
      <Filter>头文件</Filter>
    </ClInclude>
    <ClInclude Include="src\command\commands\rem.h">
      <Filter>头文件</Filter>
    </ClInclude>
    <ClInclude Include="src\command\commands\or.h">
      <Filter>头文件</Filter>
    </ClInclude>
    <ClInclude Include="src\command\commands\and.h">
      <Filter>头文件</Filter>
    </ClInclude>
    <ClInclude Include="src\command\commands\sub.h">
      <Filter>头文件</Filter>
    </ClInclude>
    <ClInclude Include="src\command\commands\push.h">
      <Filter>头文件</Filter>
    </ClInclude>
    <ClInclude Include="src\command\lineid.h">
      <Filter>头文件</Filter>
    </ClInclude>
    <ClInclude Include="src\vm\lineidlist.h">
      <Filter>头文件</Filter>
    </ClInclude>
    <ClInclude Include="src\command\commands\jal.h">
      <Filter>头文件</Filter>
    </ClInclude>
    <ClInclude Include="src\io\textreader.h">
      <Filter>头文件</Filter>
    </ClInclude>
    <ClInclude Include="src\command\commands\beq.h">
      <Filter>头文件</Filter>
    </ClInclude>
    <ClInclude Include="src\command\commands\bge.h">
      <Filter>头文件</Filter>
    </ClInclude>
    <ClInclude Include="src\command\commands\blt.h">
      <Filter>头文件</Filter>
    </ClInclude>
    <ClInclude Include="src\command\commands\bne.h">
      <Filter>头文件</Filter>
    </ClInclude>
    <ClInclude Include="src\image\canvas.h">
      <Filter>头文件</Filter>
    </ClInclude>
    <ClInclude Include="src\fuckide\fuckide.h">
      <Filter>头文件</Filter>
    </ClInclude>
  </ItemGroup>
  <ItemGroup>
    <ClCompile Include="src\main.cpp">
      <Filter>源文件</Filter>
    </ClCompile>
    <ClCompile Include="src\vm\ememory.cpp">
      <Filter>源文件</Filter>
    </ClCompile>
    <ClCompile Include="src\vm\eregister.cpp">
      <Filter>源文件</Filter>
    </ClCompile>
    <ClCompile Include="src\vm\estack.cpp">
      <Filter>源文件</Filter>
    </ClCompile>
    <ClCompile Include="src\vm\vm.cpp">
      <Filter>源文件</Filter>
    </ClCompile>
    <ClCompile Include="src\command\command.cpp">
      <Filter>源文件</Filter>
    </ClCompile>
    <ClCompile Include="src\io\inpututil.cpp">
      <Filter>源文件</Filter>
    </ClCompile>
    <ClCompile Include="src\testmain.cpp">
      <Filter>源文件</Filter>
    </ClCompile>
    <ClCompile Include="src\command\commands\load.cpp">
      <Filter>源文件</Filter>
    </ClCompile>
    <ClCompile Include="src\exception\exception.cpp">
      <Filter>源文件</Filter>
    </ClCompile>
    <ClCompile Include="src\command\commands\store.cpp">
      <Filter>源文件</Filter>
    </ClCompile>
    <ClCompile Include="src\command\commands\pop.cpp">
      <Filter>源文件</Filter>
    </ClCompile>
    <ClCompile Include="src\command\commands\mov.cpp">
      <Filter>源文件</Filter>
    </ClCompile>
    <ClCompile Include="src\command\commands\add.cpp">
      <Filter>源文件</Filter>
    </ClCompile>
    <ClCompile Include="src\command\commands\div.cpp">
      <Filter>源文件</Filter>
    </ClCompile>
    <ClCompile Include="src\command\commands\mul.cpp">
      <Filter>源文件</Filter>
    </ClCompile>
    <ClCompile Include="src\command\commands\rem.cpp">
      <Filter>源文件</Filter>
    </ClCompile>
    <ClCompile Include="src\command\commands\or.cpp">
      <Filter>源文件</Filter>
    </ClCompile>
    <ClCompile Include="src\command\commands\and.cpp">
      <Filter>源文件</Filter>
    </ClCompile>
    <ClCompile Include="src\command\commands\sub.cpp">
      <Filter>源文件</Filter>
    </ClCompile>
    <ClCompile Include="src\command\commands\push.cpp">
      <Filter>源文件</Filter>
    </ClCompile>
    <ClCompile Include="src\command\lineid.cpp">
      <Filter>源文件</Filter>
    </ClCompile>
    <ClCompile Include="src\vm\lineidlist.cpp">
      <Filter>源文件</Filter>
    </ClCompile>
    <ClCompile Include="src\command\commands\jal.cpp">
      <Filter>源文件</Filter>
    </ClCompile>
    <ClCompile Include="src\io\textreader.cpp">
      <Filter>源文件</Filter>
    </ClCompile>
    <ClCompile Include="src\command\commands\beq.cpp">
      <Filter>源文件</Filter>
    </ClCompile>
    <ClCompile Include="src\command\commands\bge.cpp">
      <Filter>源文件</Filter>
    </ClCompile>
    <ClCompile Include="src\command\commands\blt.cpp">
      <Filter>源文件</Filter>
    </ClCompile>
    <ClCompile Include="src\command\commands\bne.cpp">
      <Filter>源文件</Filter>
    </ClCompile>
    <ClCompile Include="src\image\canvas.cpp">
      <Filter>源文件</Filter>
    </ClCompile>
    <ClCompile Include="src\fuckide\fuckide.cpp">
      <Filter>源文件</Filter>
    </ClCompile>
  </ItemGroup>
  <ItemGroup>
    <Image Include="任务&amp;进度\使用git的工作流程.assets\image-20201120110234567.png">
      <Filter>资源文件</Filter>
    </Image>
    <Image Include="任务&amp;进度\使用git的工作流程.assets\image-20201120110637699.png">
      <Filter>资源文件</Filter>
    </Image>
    <Image Include="任务&amp;进度\使用git的工作流程.assets\image-20201120111326047.png">
      <Filter>资源文件</Filter>
    </Image>
    <Image Include="任务&amp;进度\使用git的工作流程.assets\image-20201120111430294.png">
      <Filter>资源文件</Filter>
    </Image>
    <Image Include="任务&amp;进度\使用git的工作流程.assets\image-20201120111650002.png">
      <Filter>资源文件</Filter>
    </Image>
    <Image Include="任务&amp;进度\使用git的工作流程.assets\image-20201120111747882.png">
      <Filter>资源文件</Filter>
    </Image>
    <Image Include="任务&amp;进度\使用git的工作流程.assets\image-20201120110957567.png">
      <Filter>资源文件</Filter>
    </Image>
  </ItemGroup>
</Project>